
Microsoft Visual Studio Solution File, Format Version 12.00
# Visual Studio Version 17
VisualStudioVersion = 17.6.33723.286
MinimumVisualStudioVersion = 10.0.40219.1
Project("{FAE04EC0-301F-11D3-BF4B-00C04F79EFBC}") = "ProiectMTP", "ProiectMTP.csproj", "{15508277-F651-4F7F-8B7F-2103B9ED180B}"
EndProject
Global
	GlobalSection(SolutionConfigurationPlatforms) = preSolution
		Debug|Any CPU = Debug|Any CPU
		Release|Any CPU = Release|Any CPU
	EndGlobalSection
	GlobalSection(ProjectConfigurationPlatforms) = postSolution
		{15508277-F651-4F7F-8B7F-2103B9ED180B}.Debug|Any CPU.ActiveCfg = Debug|Any CPU
		{15508277-F651-4F7F-8B7F-2103B9ED180B}.Debug|Any CPU.Build.0 = Debug|Any CPU
		{15508277-F651-4F7F-8B7F-2103B9ED180B}.Release|Any CPU.ActiveCfg = Release|Any CPU
		{15508277-F651-4F7F-8B7F-2103B9ED180B}.Release|Any CPU.Build.0 = Release|Any CPU
	EndGlobalSection
	GlobalSection(SolutionProperties) = preSolution
		HideSolutionNode = FALSE
	EndGlobalSection
	GlobalSection(ExtensibilityGlobals) = postSolution
		SolutionGuid = {4EB437F4-9E13-4A0D-8B5B-B57102B02B63}
	EndGlobalSection
EndGlobal
